{
  "nodes": {
    "nixpkgs": {
      "locked": {
        "lastModified": 1654464201,
        "narHash": "sha256-S2RRx1QUK24jv2IjR4JA+HNZj1qmfev24Ri11JkKVv0=",
        "owner": "NixOS",
        "repo": "nixpkgs",
        "rev": "e2de23b6db6c1f36bbf52e953929bb9283c549bf",
        "type": "github"
      },
      "original": {
        "owner": "NixOS",
        "repo": "nixpkgs",
        "type": "github"
      }
    },
    "nixpkgsFork": {
      "locked": {
        "lastModified": 1654470374,
        "narHash": "sha256-M6Fc3qucBu1VtvxxAfspKTi44NhECYtjlKF9r9/yfX4=",
        "owner": "glanch",
        "repo": "nixpkgs",
        "rev": "b0c4dade4d617edf0f0dead4fc726df12a9fa5db",
        "type": "github"
      },
      "original": {
        "owner": "glanch",
        "repo": "nixpkgs",
        "type": "github"
      }
    },
    "root": {
      "inputs": {
        "nixpkgs": "nixpkgs",
        "nixpkgsFork": "nixpkgsFork"
      }
    }
  },
  "root": "root",
  "version": 7
}
