{
  "nodes": {
    "nixpkgs": {
      "locked": {
        "lastModified": 1654464201,
        "narHash": "sha256-S2RRx1QUK24jv2IjR4JA+HNZj1qmfev24Ri11JkKVv0=",
        "owner": "NixOS",
        "repo": "nixpkgs",
        "rev": "e2de23b6db6c1f36bbf52e953929bb9283c549bf",
        "type": "github"
      },
      "original": {
        "owner": "NixOS",
        "repo": "nixpkgs",
        "type": "github"
      }
    },
    "nixpkgsFork": {
      "locked": {
        "lastModified": 1654470682,
        "narHash": "sha256-R9vRxdTrQ59F0rbszf6mO0bfhsJ6LAltu+LozYERWDQ=",
        "owner": "glanch",
        "repo": "nixpkgs",
        "rev": "c383fc3b7a2bc0f6e5e5f538f43334944881fb21",
        "type": "github"
      },
      "original": {
        "owner": "glanch",
        "repo": "nixpkgs",
        "type": "github"
      }
    },
    "root": {
      "inputs": {
        "nixpkgs": "nixpkgs",
        "nixpkgsFork": "nixpkgsFork"
      }
    }
  },
  "root": "root",
  "version": 7
}
