{
  "nodes": {
    "nixpkgs": {
      "locked": {
        "lastModified": 1654464201,
        "narHash": "sha256-S2RRx1QUK24jv2IjR4JA+HNZj1qmfev24Ri11JkKVv0=",
        "owner": "NixOS",
        "repo": "nixpkgs",
        "rev": "e2de23b6db6c1f36bbf52e953929bb9283c549bf",
        "type": "github"
      },
      "original": {
        "owner": "NixOS",
        "repo": "nixpkgs",
        "type": "github"
      }
    },
    "nixpkgsFork": {
      "locked": {
        "lastModified": 1654516678,
        "narHash": "sha256-clJ9AhRMgLbSQs0IAED8YJttl62nLN/DIhV1X2NC7os=",
        "owner": "glanch",
        "repo": "nixpkgs",
        "rev": "14353454404e04dc90420ea07e185bfdb1153dff",
        "type": "github"
      },
      "original": {
        "owner": "glanch",
        "repo": "nixpkgs",
        "type": "github"
      }
    },
    "root": {
      "inputs": {
        "nixpkgs": "nixpkgs",
        "nixpkgsFork": "nixpkgsFork"
      }
    }
  },
  "root": "root",
  "version": 7
}
